<?xml version="1.0" encoding="UTF-8" standalone="yes" ?>
<CodeBlocks_project_file>
	<FileVersion major="1" minor="6" />
	<Project>
		<Option title="TinyWeb" />
		<Option pch_mode="2" />
		<Option compiler="gcc" />
		<Build>
			<Target title="Debug">
				<Option output="./TinyWeb" prefix_auto="1" extension_auto="1" />
				<Option object_output="obj/Debug/" />
				<Option type="1" />
				<Option compiler="gcc" />
				<Compiler>
					<Add option="-g" />
				</Compiler>
				<Linker>
					<Add option="-lpthread" />
				</Linker>
			</Target>
		</Build>
		<Compiler>
			<Add option="-Wall" />
		</Compiler>
		<Unit filename="README.md" />
		<Unit filename="TinyWeb.cbp" />
		<Unit filename="cgi-bin/Makefile" />
		<Unit filename="cgi-bin/add.py" />
		<Unit filename="home.html" />
		<Unit filename="src/csapp.c">
			<Option compilerVar="CC" />
		</Unit>
		<Unit filename="src/csapp.h" />
		<Unit filename="src/sbuf.c">
			<Option compilerVar="CC" />
		</Unit>
		<Unit filename="src/sbuf.h" />
		<Unit filename="src/tiny.c">
			<Option compilerVar="CC" />
		</Unit>
		<Extensions>
			<code_completion />
			<debugger />
		</Extensions>
	</Project>
</CodeBlocks_project_file>
